
Microsoft Visual Studio Solution File, Format Version 12.00
# Visual Studio Version 16
VisualStudioVersion = 16.0.32407.337
MinimumVisualStudioVersion = 10.0.40219.1
Project("{FAE04EC0-301F-11D3-BF4B-00C04F79EFBC}") = "Sitecore.Experiment.Webhook", "Sitecore.Experiment.Webhook\Sitecore.Experiment.Webhook.csproj", "{B1D714E6-79CB-4732-A94E-EC3909978BE4}"
EndProject
Project("{FAE04EC0-301F-11D3-BF4B-00C04F79EFBC}") = "Sitecore.Experiment.Webhook.Core", "Sitecore.Experiment.Webhook.Core\Sitecore.Experiment.Webhook.Core.csproj", "{BA9C8C62-7328-4B7C-ADF5-4FCD0F6A26C0}"
EndProject
Global
	GlobalSection(SolutionConfigurationPlatforms) = preSolution
		Debug|Any CPU = Debug|Any CPU
		Release|Any CPU = Release|Any CPU
	EndGlobalSection
	GlobalSection(ProjectConfigurationPlatforms) = postSolution
		{B1D714E6-79CB-4732-A94E-EC3909978BE4}.Debug|Any CPU.ActiveCfg = Debug|Any CPU
		{B1D714E6-79CB-4732-A94E-EC3909978BE4}.Debug|Any CPU.Build.0 = Debug|Any CPU
		{B1D714E6-79CB-4732-A94E-EC3909978BE4}.Release|Any CPU.ActiveCfg = Release|Any CPU
		{B1D714E6-79CB-4732-A94E-EC3909978BE4}.Release|Any CPU.Build.0 = Release|Any CPU
		{BA9C8C62-7328-4B7C-ADF5-4FCD0F6A26C0}.Debug|Any CPU.ActiveCfg = Debug|Any CPU
		{BA9C8C62-7328-4B7C-ADF5-4FCD0F6A26C0}.Debug|Any CPU.Build.0 = Debug|Any CPU
		{BA9C8C62-7328-4B7C-ADF5-4FCD0F6A26C0}.Release|Any CPU.ActiveCfg = Release|Any CPU
		{BA9C8C62-7328-4B7C-ADF5-4FCD0F6A26C0}.Release|Any CPU.Build.0 = Release|Any CPU
	EndGlobalSection
	GlobalSection(SolutionProperties) = preSolution
		HideSolutionNode = FALSE
	EndGlobalSection
	GlobalSection(ExtensibilityGlobals) = postSolution
		EnterpriseLibraryConfigurationToolBinariesPathV6 = packages\EnterpriseLibrary.Common.6.0.1304.0\lib\NET45;packages\EnterpriseLibrary.TransientFaultHandling.6.0.1304.0\lib\portable-net45+win+wp8;packages\EnterpriseLibrary.TransientFaultHandling.Caching.6.0.1304.0\lib\NET45;packages\EnterpriseLibrary.TransientFaultHandling.Data.6.0.1304.1\lib\NET45;packages\EnterpriseLibrary.TransientFaultHandling.ServiceBus.6.0.1304.0\lib\NET45;packages\EnterpriseLibrary.TransientFaultHandling.WindowsAzure.Storage.6.0.1304.0\lib\NET45;packages\EnterpriseLibrary.TransientFaultHandling.Configuration.6.0.1304.0\lib\NET45
		SolutionGuid = {9009441F-1524-4E62-B686-1E3DC1810D9A}
	EndGlobalSection
EndGlobal
